
Microsoft Visual Studio Solution File, Format Version 12.00
# Visual Studio 14
VisualStudioVersion = 14.0.25420.1
MinimumVisualStudioVersion = 10.0.40219.1
Project("{2150E333-8FDC-42A3-9474-1A3956D46DE8}") = "src", "src", "{8A1A2167-F9BC-4C07-B480-783CCF52DEAF}"
EndProject
Project("{2150E333-8FDC-42A3-9474-1A3956D46DE8}") = "Solution Items", "Solution Items", "{EF3330F8-5C53-4073-84B3-725B9E94EF3C}"
	ProjectSection(SolutionItems) = preProject
		global.json = global.json
	EndProjectSection
EndProject
Project("{8BB2217D-0F2D-49D1-97BC-3654ED321F3B}") = "TwilioTest", "src\TwilioTest\TwilioTest.xproj", "{3319F051-E2D0-40C2-94CB-DDAE01A87B0A}"
EndProject
Global
	GlobalSection(SolutionConfigurationPlatforms) = preSolution
		Debug|Any CPU = Debug|Any CPU
		Release|Any CPU = Release|Any CPU
	EndGlobalSection
	GlobalSection(ProjectConfigurationPlatforms) = postSolution
		{3319F051-E2D0-40C2-94CB-DDAE01A87B0A}.Debug|Any CPU.ActiveCfg = Debug|Any CPU
		{3319F051-E2D0-40C2-94CB-DDAE01A87B0A}.Debug|Any CPU.Build.0 = Debug|Any CPU
		{3319F051-E2D0-40C2-94CB-DDAE01A87B0A}.Release|Any CPU.ActiveCfg = Release|Any CPU
		{3319F051-E2D0-40C2-94CB-DDAE01A87B0A}.Release|Any CPU.Build.0 = Release|Any CPU
	EndGlobalSection
	GlobalSection(SolutionProperties) = preSolution
		HideSolutionNode = FALSE
	EndGlobalSection
	GlobalSection(NestedProjects) = preSolution
		{3319F051-E2D0-40C2-94CB-DDAE01A87B0A} = {8A1A2167-F9BC-4C07-B480-783CCF52DEAF}
	EndGlobalSection
EndGlobal
